
Microsoft Visual Studio Solution File, Format Version 12.00
Project("{2150E333-8FDC-42A3-9474-1A3956D46DE8}") = "App", "App", "{CA52E199-37DB-4385-9AEC-A9B62847D506}"
EndProject
Project("{FAE04EC0-301F-11D3-BF4B-00C04F79EFBC}") = "Application", "Application\Application.csproj", "{DF5AEFEE-DCF3-48E6-9958-8A1482327CA2}"
EndProject
Project("{FAE04EC0-301F-11D3-BF4B-00C04F79EFBC}") = "Application.Persistence", "Application.Persistence\Application.Persistence.csproj", "{94B66C18-69BE-4D43-B71D-81E7E57C571F}"
EndProject
Project("{2150E333-8FDC-42A3-9474-1A3956D46DE8}") = "Persistence", "Persistence", "{E3FA0E91-2C89-4B4F-93AE-BBB415BDA5D4}"
EndProject
Project("{2150E333-8FDC-42A3-9474-1A3956D46DE8}") = "Presentation", "Presentation", "{14956870-9353-4F17-B2DD-497F461A4CC1}"
EndProject
Project("{FAE04EC0-301F-11D3-BF4B-00C04F79EFBC}") = "Persistence.Primary", "Persistence.Primary\Persistence.Primary.csproj", "{A8391358-BEA9-4C8D-A3FC-66588AF8EA03}"
EndProject
Project("{FAE04EC0-301F-11D3-BF4B-00C04F79EFBC}") = "Domain.Primary", "Domain.Primary\Domain.Primary.csproj", "{DBC2F4D1-4D00-4D1F-A78C-39CE068EA92F}"
EndProject
Project("{FAE04EC0-301F-11D3-BF4B-00C04F79EFBC}") = "Domain.Logging", "Domain.Logging\Domain.Logging.csproj", "{8C00296E-EE75-40F6-87F7-96D7806309D0}"
EndProject
Project("{FAE04EC0-301F-11D3-BF4B-00C04F79EFBC}") = "Presentation.API", "Presentation.API\Presentation.API.csproj", "{BDA069F1-98D4-4336-8D15-FD74668C9B82}"
EndProject
Project("{FAE04EC0-301F-11D3-BF4B-00C04F79EFBC}") = "Persistence.Logging", "Persistence.Logging\Persistence.Logging.csproj", "{517A86E4-6E1A-4450-B92F-ABA879BF5066}"
EndProject
Project("{FAE04EC0-301F-11D3-BF4B-00C04F79EFBC}") = "Application.Pagination", "Application.Pagination\Application.Pagination.csproj", "{4011268B-172E-4C01-9267-7B9E7AE3883C}"
EndProject
Project("{2150E333-8FDC-42A3-9474-1A3956D46DE8}") = "Domain", "Domain", "{1F6C20D9-68B3-4885-9E43-7F4306514669}"
EndProject
Project("{FAE04EC0-301F-11D3-BF4B-00C04F79EFBC}") = "Application.Validation", "Application.Validation\Application.Validation.csproj", "{F86DE5D0-6FD9-4A89-89ED-D640EEB42C27}"
EndProject
Project("{2150E333-8FDC-42A3-9474-1A3956D46DE8}") = "Validation", "Validation", "{E34F16D7-7097-4AC6-B746-E79399AFAF7A}"
EndProject
Project("{FAE04EC0-301F-11D3-BF4B-00C04F79EFBC}") = "Application.Validation.Tools", "Application.Validation.Tools\Application.Validation.Tools.csproj", "{1C68F591-CA84-40A7-9303-F63D206F7A05}"
EndProject
Global
	GlobalSection(SolutionConfigurationPlatforms) = preSolution
		Debug|Any CPU = Debug|Any CPU
		Release|Any CPU = Release|Any CPU
	EndGlobalSection
	GlobalSection(NestedProjects) = preSolution
		{DF5AEFEE-DCF3-48E6-9958-8A1482327CA2} = {CA52E199-37DB-4385-9AEC-A9B62847D506}
		{94B66C18-69BE-4D43-B71D-81E7E57C571F} = {CA52E199-37DB-4385-9AEC-A9B62847D506}
		{A8391358-BEA9-4C8D-A3FC-66588AF8EA03} = {E3FA0E91-2C89-4B4F-93AE-BBB415BDA5D4}
		{BDA069F1-98D4-4336-8D15-FD74668C9B82} = {14956870-9353-4F17-B2DD-497F461A4CC1}
		{517A86E4-6E1A-4450-B92F-ABA879BF5066} = {E3FA0E91-2C89-4B4F-93AE-BBB415BDA5D4}
		{4011268B-172E-4C01-9267-7B9E7AE3883C} = {CA52E199-37DB-4385-9AEC-A9B62847D506}
		{8C00296E-EE75-40F6-87F7-96D7806309D0} = {1F6C20D9-68B3-4885-9E43-7F4306514669}
		{DBC2F4D1-4D00-4D1F-A78C-39CE068EA92F} = {1F6C20D9-68B3-4885-9E43-7F4306514669}
		{E34F16D7-7097-4AC6-B746-E79399AFAF7A} = {CA52E199-37DB-4385-9AEC-A9B62847D506}
		{F86DE5D0-6FD9-4A89-89ED-D640EEB42C27} = {E34F16D7-7097-4AC6-B746-E79399AFAF7A}
		{1C68F591-CA84-40A7-9303-F63D206F7A05} = {E34F16D7-7097-4AC6-B746-E79399AFAF7A}
	EndGlobalSection
	GlobalSection(ProjectConfigurationPlatforms) = postSolution
		{DF5AEFEE-DCF3-48E6-9958-8A1482327CA2}.Debug|Any CPU.ActiveCfg = Debug|Any CPU
		{DF5AEFEE-DCF3-48E6-9958-8A1482327CA2}.Debug|Any CPU.Build.0 = Debug|Any CPU
		{DF5AEFEE-DCF3-48E6-9958-8A1482327CA2}.Release|Any CPU.ActiveCfg = Release|Any CPU
		{DF5AEFEE-DCF3-48E6-9958-8A1482327CA2}.Release|Any CPU.Build.0 = Release|Any CPU
		{94B66C18-69BE-4D43-B71D-81E7E57C571F}.Debug|Any CPU.ActiveCfg = Debug|Any CPU
		{94B66C18-69BE-4D43-B71D-81E7E57C571F}.Debug|Any CPU.Build.0 = Debug|Any CPU
		{94B66C18-69BE-4D43-B71D-81E7E57C571F}.Release|Any CPU.ActiveCfg = Release|Any CPU
		{94B66C18-69BE-4D43-B71D-81E7E57C571F}.Release|Any CPU.Build.0 = Release|Any CPU
		{A8391358-BEA9-4C8D-A3FC-66588AF8EA03}.Debug|Any CPU.ActiveCfg = Debug|Any CPU
		{A8391358-BEA9-4C8D-A3FC-66588AF8EA03}.Debug|Any CPU.Build.0 = Debug|Any CPU
		{A8391358-BEA9-4C8D-A3FC-66588AF8EA03}.Release|Any CPU.ActiveCfg = Release|Any CPU
		{A8391358-BEA9-4C8D-A3FC-66588AF8EA03}.Release|Any CPU.Build.0 = Release|Any CPU
		{DBC2F4D1-4D00-4D1F-A78C-39CE068EA92F}.Debug|Any CPU.ActiveCfg = Debug|Any CPU
		{DBC2F4D1-4D00-4D1F-A78C-39CE068EA92F}.Debug|Any CPU.Build.0 = Debug|Any CPU
		{DBC2F4D1-4D00-4D1F-A78C-39CE068EA92F}.Release|Any CPU.ActiveCfg = Release|Any CPU
		{DBC2F4D1-4D00-4D1F-A78C-39CE068EA92F}.Release|Any CPU.Build.0 = Release|Any CPU
		{8C00296E-EE75-40F6-87F7-96D7806309D0}.Debug|Any CPU.ActiveCfg = Debug|Any CPU
		{8C00296E-EE75-40F6-87F7-96D7806309D0}.Debug|Any CPU.Build.0 = Debug|Any CPU
		{8C00296E-EE75-40F6-87F7-96D7806309D0}.Release|Any CPU.ActiveCfg = Release|Any CPU
		{8C00296E-EE75-40F6-87F7-96D7806309D0}.Release|Any CPU.Build.0 = Release|Any CPU
		{BDA069F1-98D4-4336-8D15-FD74668C9B82}.Debug|Any CPU.ActiveCfg = Debug|Any CPU
		{BDA069F1-98D4-4336-8D15-FD74668C9B82}.Debug|Any CPU.Build.0 = Debug|Any CPU
		{BDA069F1-98D4-4336-8D15-FD74668C9B82}.Release|Any CPU.ActiveCfg = Release|Any CPU
		{BDA069F1-98D4-4336-8D15-FD74668C9B82}.Release|Any CPU.Build.0 = Release|Any CPU
		{517A86E4-6E1A-4450-B92F-ABA879BF5066}.Debug|Any CPU.ActiveCfg = Debug|Any CPU
		{517A86E4-6E1A-4450-B92F-ABA879BF5066}.Debug|Any CPU.Build.0 = Debug|Any CPU
		{517A86E4-6E1A-4450-B92F-ABA879BF5066}.Release|Any CPU.ActiveCfg = Release|Any CPU
		{517A86E4-6E1A-4450-B92F-ABA879BF5066}.Release|Any CPU.Build.0 = Release|Any CPU
		{4011268B-172E-4C01-9267-7B9E7AE3883C}.Debug|Any CPU.ActiveCfg = Debug|Any CPU
		{4011268B-172E-4C01-9267-7B9E7AE3883C}.Debug|Any CPU.Build.0 = Debug|Any CPU
		{4011268B-172E-4C01-9267-7B9E7AE3883C}.Release|Any CPU.ActiveCfg = Release|Any CPU
		{4011268B-172E-4C01-9267-7B9E7AE3883C}.Release|Any CPU.Build.0 = Release|Any CPU
		{F86DE5D0-6FD9-4A89-89ED-D640EEB42C27}.Debug|Any CPU.ActiveCfg = Debug|Any CPU
		{F86DE5D0-6FD9-4A89-89ED-D640EEB42C27}.Debug|Any CPU.Build.0 = Debug|Any CPU
		{F86DE5D0-6FD9-4A89-89ED-D640EEB42C27}.Release|Any CPU.ActiveCfg = Release|Any CPU
		{F86DE5D0-6FD9-4A89-89ED-D640EEB42C27}.Release|Any CPU.Build.0 = Release|Any CPU
		{1C68F591-CA84-40A7-9303-F63D206F7A05}.Debug|Any CPU.ActiveCfg = Debug|Any CPU
		{1C68F591-CA84-40A7-9303-F63D206F7A05}.Debug|Any CPU.Build.0 = Debug|Any CPU
		{1C68F591-CA84-40A7-9303-F63D206F7A05}.Release|Any CPU.ActiveCfg = Release|Any CPU
		{1C68F591-CA84-40A7-9303-F63D206F7A05}.Release|Any CPU.Build.0 = Release|Any CPU
	EndGlobalSection
EndGlobal
